
Microsoft Visual Studio Solution File, Format Version 12.00
# Visual Studio Version 17
VisualStudioVersion = 17.3.32825.248
MinimumVisualStudioVersion = 10.0.40219.1
Project("{FAE04EC0-301F-11D3-BF4B-00C04F79EFBC}") = "task 38", "task 38.csproj", "{D5E8D9B8-1917-4D75-B075-2A8C0397CAB8}"
EndProject
Global
	GlobalSection(SolutionConfigurationPlatforms) = preSolution
		Debug|Any CPU = Debug|Any CPU
		Release|Any CPU = Release|Any CPU
	EndGlobalSection
	GlobalSection(ProjectConfigurationPlatforms) = postSolution
		{D5E8D9B8-1917-4D75-B075-2A8C0397CAB8}.Debug|Any CPU.ActiveCfg = Debug|Any CPU
		{D5E8D9B8-1917-4D75-B075-2A8C0397CAB8}.Debug|Any CPU.Build.0 = Debug|Any CPU
		{D5E8D9B8-1917-4D75-B075-2A8C0397CAB8}.Release|Any CPU.ActiveCfg = Release|Any CPU
		{D5E8D9B8-1917-4D75-B075-2A8C0397CAB8}.Release|Any CPU.Build.0 = Release|Any CPU
	EndGlobalSection
	GlobalSection(SolutionProperties) = preSolution
		HideSolutionNode = FALSE
	EndGlobalSection
	GlobalSection(ExtensibilityGlobals) = postSolution
		SolutionGuid = {ECEBF75B-FB87-4406-B3D8-4D49600B3417}
	EndGlobalSection
EndGlobal
